// !$*UTF8*$!
{
	archiveVersion = 1;
	classes = {
	};
	objectVersion = 56;
	objects = {

/* Begin PBXBuildFile section */
		9B24DC7428A3D595005836B5 /* ExpressGroceriesApp.swift in Sources */ = {isa = PBXBuildFile; fileRef = 9B24DC7328A3D595005836B5 /* ExpressGroceriesApp.swift */; };
		9B24DC7628A3D595005836B5 /* ContentView.swift in Sources */ = {isa = PBXBuildFile; fileRef = 9B24DC7528A3D595005836B5 /* ContentView.swift */; };
		9B24DC7828A3D596005836B5 /* Assets.xcassets in Resources */ = {isa = PBXBuildFile; fileRef = 9B24DC7728A3D596005836B5 /* Assets.xcassets */; };
		9B24DC7B28A3D596005836B5 /* Preview Assets.xcassets in Resources */ = {isa = PBXBuildFile; fileRef = 9B24DC7A28A3D596005836B5 /* Preview Assets.xcassets */; };
		9B24DC8828A3D5DA005836B5 /* WidgetKit.framework in Frameworks */ = {isa = PBXBuildFile; fileRef = 9B24DC8728A3D5DA005836B5 /* WidgetKit.framework */; };
		9B24DC8A28A3D5DA005836B5 /* SwiftUI.framework in Frameworks */ = {isa = PBXBuildFile; fileRef = 9B24DC8928A3D5DA005836B5 /* SwiftUI.framework */; };
		9B24DC8D28A3D5DA005836B5 /* DeliveryWidget.swift in Sources */ = {isa = PBXBuildFile; fileRef = 9B24DC8C28A3D5DA005836B5 /* DeliveryWidget.swift */; };
		9B24DC8F28A3D5DB005836B5 /* Assets.xcassets in Resources */ = {isa = PBXBuildFile; fileRef = 9B24DC8E28A3D5DB005836B5 /* Assets.xcassets */; };
		9B24DC9328A3D5DB005836B5 /* DeliveryWidgetExtension.appex in Embed Foundation Extensions */ = {isa = PBXBuildFile; fileRef = 9B24DC8528A3D5DA005836B5 /* DeliveryWidgetExtension.appex */; settings = {ATTRIBUTES = (RemoveHeadersOnCopy, ); }; };
		9B24DC9B28A3D697005836B5 /* DeliveryAttributes.swift in Sources */ = {isa = PBXBuildFile; fileRef = 9B24DC9A28A3D697005836B5 /* DeliveryAttributes.swift */; };
		9B24DC9D28A3D6CE005836B5 /* DeliveryStep.swift in Sources */ = {isa = PBXBuildFile; fileRef = 9B24DC9C28A3D6CE005836B5 /* DeliveryStep.swift */; };
		9B24DCA428A3D876005836B5 /* Font+Extensions.swift in Sources */ = {isa = PBXBuildFile; fileRef = 9B24DCA328A3D876005836B5 /* Font+Extensions.swift */; };
		9B24DCA528A3D969005836B5 /* DeliveryAttributes.swift in Sources */ = {isa = PBXBuildFile; fileRef = 9B24DC9A28A3D697005836B5 /* DeliveryAttributes.swift */; };
		9B24DCA628A3D969005836B5 /* DeliveryStep.swift in Sources */ = {isa = PBXBuildFile; fileRef = 9B24DC9C28A3D6CE005836B5 /* DeliveryStep.swift */; };
		9B24DCA728A3D96D005836B5 /* Font+Extensions.swift in Sources */ = {isa = PBXBuildFile; fileRef = 9B24DCA328A3D876005836B5 /* Font+Extensions.swift */; };
		9B4E289328A4215700B6AFED /* Color+Extensions.swift in Sources */ = {isa = PBXBuildFile; fileRef = 9B4E289228A4215700B6AFED /* Color+Extensions.swift */; };
		9B4E289428A4215700B6AFED /* Color+Extensions.swift in Sources */ = {isa = PBXBuildFile; fileRef = 9B4E289228A4215700B6AFED /* Color+Extensions.swift */; };
		9B629B4128A3D9E900C4CF72 /* Line.swift in Sources */ = {isa = PBXBuildFile; fileRef = 9B629B4028A3D9E900C4CF72 /* Line.swift */; };
		9B629B4228A3DA2800C4CF72 /* Line.swift in Sources */ = {isa = PBXBuildFile; fileRef = 9B629B4028A3D9E900C4CF72 /* Line.swift */; };
/* End PBXBuildFile section */

/* Begin PBXContainerItemProxy section */
		9B24DC9128A3D5DB005836B5 /* PBXContainerItemProxy */ = {
			isa = PBXContainerItemProxy;
			containerPortal = 9B24DC6828A3D595005836B5 /* Project object */;
			proxyType = 1;
			remoteGlobalIDString = 9B24DC8428A3D5DA005836B5;
			remoteInfo = DeliveryWidgetExtension;
		};
/* End PBXContainerItemProxy section */

/* Begin PBXCopyFilesBuildPhase section */
		9B24DC9728A3D5DB005836B5 /* Embed Foundation Extensions */ = {
			isa = PBXCopyFilesBuildPhase;
			buildActionMask = 2147483647;
			dstPath = "";
			dstSubfolderSpec = 13;
			files = (
				9B24DC9328A3D5DB005836B5 /* DeliveryWidgetExtension.appex in Embed Foundation Extensions */,
			);
			name = "Embed Foundation Extensions";
			runOnlyForDeploymentPostprocessing = 0;
		};
/* End PBXCopyFilesBuildPhase section */

/* Begin PBXFileReference section */
		9B24DC7028A3D595005836B5 /* ExpressGroceries.app */ = {isa = PBXFileReference; explicitFileType = wrapper.application; includeInIndex = 0; path = ExpressGroceries.app; sourceTree = BUILT_PRODUCTS_DIR; };
		9B24DC7328A3D595005836B5 /* ExpressGroceriesApp.swift */ = {isa = PBXFileReference; lastKnownFileType = sourcecode.swift; path = ExpressGroceriesApp.swift; sourceTree = "<group>"; };
		9B24DC7528A3D595005836B5 /* ContentView.swift */ = {isa = PBXFileReference; lastKnownFileType = sourcecode.swift; path = ContentView.swift; sourceTree = "<group>"; };
		9B24DC7728A3D596005836B5 /* Assets.xcassets */ = {isa = PBXFileReference; lastKnownFileType = folder.assetcatalog; path = Assets.xcassets; sourceTree = "<group>"; };
		9B24DC7A28A3D596005836B5 /* Preview Assets.xcassets */ = {isa = PBXFileReference; lastKnownFileType = folder.assetcatalog; path = "Preview Assets.xcassets"; sourceTree = "<group>"; };
		9B24DC8528A3D5DA005836B5 /* DeliveryWidgetExtension.appex */ = {isa = PBXFileReference; explicitFileType = "wrapper.app-extension"; includeInIndex = 0; path = DeliveryWidgetExtension.appex; sourceTree = BUILT_PRODUCTS_DIR; };
		9B24DC8728A3D5DA005836B5 /* WidgetKit.framework */ = {isa = PBXFileReference; lastKnownFileType = wrapper.framework; name = WidgetKit.framework; path = System/Library/Frameworks/WidgetKit.framework; sourceTree = SDKROOT; };
		9B24DC8928A3D5DA005836B5 /* SwiftUI.framework */ = {isa = PBXFileReference; lastKnownFileType = wrapper.framework; name = SwiftUI.framework; path = System/Library/Frameworks/SwiftUI.framework; sourceTree = SDKROOT; };
		9B24DC8C28A3D5DA005836B5 /* DeliveryWidget.swift */ = {isa = PBXFileReference; lastKnownFileType = sourcecode.swift; path = DeliveryWidget.swift; sourceTree = "<group>"; };
		9B24DC8E28A3D5DB005836B5 /* Assets.xcassets */ = {isa = PBXFileReference; lastKnownFileType = folder.assetcatalog; path = Assets.xcassets; sourceTree = "<group>"; };
		9B24DC9028A3D5DB005836B5 /* Info.plist */ = {isa = PBXFileReference; lastKnownFileType = text.plist.xml; path = Info.plist; sourceTree = "<group>"; };
		9B24DC9828A3D60E005836B5 /* Info.plist */ = {isa = PBXFileReference; lastKnownFileType = text.plist.xml; path = Info.plist; sourceTree = "<group>"; };
		9B24DC9A28A3D697005836B5 /* DeliveryAttributes.swift */ = {isa = PBXFileReference; lastKnownFileType = sourcecode.swift; path = DeliveryAttributes.swift; sourceTree = "<group>"; };
		9B24DC9C28A3D6CE005836B5 /* DeliveryStep.swift */ = {isa = PBXFileReference; lastKnownFileType = sourcecode.swift; path = DeliveryStep.swift; sourceTree = "<group>"; };
		9B24DCA328A3D876005836B5 /* Font+Extensions.swift */ = {isa = PBXFileReference; lastKnownFileType = sourcecode.swift; path = "Font+Extensions.swift"; sourceTree = "<group>"; };
		9B4E289228A4215700B6AFED /* Color+Extensions.swift */ = {isa = PBXFileReference; fileEncoding = 4; lastKnownFileType = sourcecode.swift; path = "Color+Extensions.swift"; sourceTree = "<group>"; };
		9B629B4028A3D9E900C4CF72 /* Line.swift */ = {isa = PBXFileReference; lastKnownFileType = sourcecode.swift; path = Line.swift; sourceTree = "<group>"; };
/* End PBXFileReference section */

/* Begin PBXFrameworksBuildPhase section */
		9B24DC6D28A3D595005836B5 /* Frameworks */ = {
			isa = PBXFrameworksBuildPhase;
			buildActionMask = 2147483647;
			files = (
			);
			runOnlyForDeploymentPostprocessing = 0;
		};
		9B24DC8228A3D5DA005836B5 /* Frameworks */ = {
			isa = PBXFrameworksBuildPhase;
			buildActionMask = 2147483647;
			files = (
				9B24DC8A28A3D5DA005836B5 /* SwiftUI.framework in Frameworks */,
				9B24DC8828A3D5DA005836B5 /* WidgetKit.framework in Frameworks */,
			);
			runOnlyForDeploymentPostprocessing = 0;
		};
/* End PBXFrameworksBuildPhase section */

/* Begin PBXGroup section */
		9B24DC6728A3D595005836B5 = {
			isa = PBXGroup;
			children = (
				9B24DC7228A3D595005836B5 /* ExpressGroceries */,
				9B24DC8B28A3D5DA005836B5 /* DeliveryWidget */,
				9B24DC8628A3D5DA005836B5 /* Frameworks */,
				9B24DC7128A3D595005836B5 /* Products */,
			);
			sourceTree = "<group>";
		};
		9B24DC7128A3D595005836B5 /* Products */ = {
			isa = PBXGroup;
			children = (
				9B24DC7028A3D595005836B5 /* ExpressGroceries.app */,
				9B24DC8528A3D5DA005836B5 /* DeliveryWidgetExtension.appex */,
			);
			name = Products;
			sourceTree = "<group>";
		};
		9B24DC7228A3D595005836B5 /* ExpressGroceries */ = {
			isa = PBXGroup;
			children = (
				9B24DCA928A3D98E005836B5 /* Resources */,
				9B24DCA828A3D985005836B5 /* UI */,
				9B24DC9F28A3D857005836B5 /* Extensions */,
				9B24DC9928A3D691005836B5 /* Models */,
				9B24DC7328A3D595005836B5 /* ExpressGroceriesApp.swift */,
				9B24DC7928A3D596005836B5 /* Preview Content */,
			);
			path = ExpressGroceries;
			sourceTree = "<group>";
		};
		9B24DC7928A3D596005836B5 /* Preview Content */ = {
			isa = PBXGroup;
			children = (
				9B24DC7A28A3D596005836B5 /* Preview Assets.xcassets */,
			);
			path = "Preview Content";
			sourceTree = "<group>";
		};
		9B24DC8628A3D5DA005836B5 /* Frameworks */ = {
			isa = PBXGroup;
			children = (
				9B24DC8728A3D5DA005836B5 /* WidgetKit.framework */,
				9B24DC8928A3D5DA005836B5 /* SwiftUI.framework */,
			);
			name = Frameworks;
			sourceTree = "<group>";
		};
		9B24DC8B28A3D5DA005836B5 /* DeliveryWidget */ = {
			isa = PBXGroup;
			children = (
				9B24DC8C28A3D5DA005836B5 /* DeliveryWidget.swift */,
				9B24DC8E28A3D5DB005836B5 /* Assets.xcassets */,
				9B24DC9028A3D5DB005836B5 /* Info.plist */,
			);
			path = DeliveryWidget;
			sourceTree = "<group>";
		};
		9B24DC9928A3D691005836B5 /* Models */ = {
			isa = PBXGroup;
			children = (
				9B24DC9A28A3D697005836B5 /* DeliveryAttributes.swift */,
				9B24DC9C28A3D6CE005836B5 /* DeliveryStep.swift */,
			);
			path = Models;
			sourceTree = "<group>";
		};
		9B24DC9F28A3D857005836B5 /* Extensions */ = {
			isa = PBXGroup;
			children = (
				9B4E289228A4215700B6AFED /* Color+Extensions.swift */,
				9B24DCA328A3D876005836B5 /* Font+Extensions.swift */,
			);
			path = Extensions;
			sourceTree = "<group>";
		};
		9B24DCA828A3D985005836B5 /* UI */ = {
			isa = PBXGroup;
			children = (
				9B24DC7528A3D595005836B5 /* ContentView.swift */,
				9B629B4028A3D9E900C4CF72 /* Line.swift */,
			);
			path = UI;
			sourceTree = "<group>";
		};
		9B24DCA928A3D98E005836B5 /* Resources */ = {
			isa = PBXGroup;
			children = (
				9B24DC9828A3D60E005836B5 /* Info.plist */,
				9B24DC7728A3D596005836B5 /* Assets.xcassets */,
			);
			path = Resources;
			sourceTree = "<group>";
		};
/* End PBXGroup section */

/* Begin PBXNativeTarget section */
		9B24DC6F28A3D595005836B5 /* ExpressGroceries */ = {
			isa = PBXNativeTarget;
			buildConfigurationList = 9B24DC7E28A3D596005836B5 /* Build configuration list for PBXNativeTarget "ExpressGroceries" */;
			buildPhases = (
				9B24DC6C28A3D595005836B5 /* Sources */,
				9B24DC6D28A3D595005836B5 /* Frameworks */,
				9B24DC6E28A3D595005836B5 /* Resources */,
				9B24DC9728A3D5DB005836B5 /* Embed Foundation Extensions */,
			);
			buildRules = (
			);
			dependencies = (
				9B24DC9228A3D5DB005836B5 /* PBXTargetDependency */,
			);
			name = ExpressGroceries;
			productName = ExpressGroceries;
			productReference = 9B24DC7028A3D595005836B5 /* ExpressGroceries.app */;
			productType = "com.apple.product-type.application";
		};
		9B24DC8428A3D5DA005836B5 /* DeliveryWidgetExtension */ = {
			isa = PBXNativeTarget;
			buildConfigurationList = 9B24DC9428A3D5DB005836B5 /* Build configuration list for PBXNativeTarget "DeliveryWidgetExtension" */;
			buildPhases = (
				9B24DC8128A3D5DA005836B5 /* Sources */,
				9B24DC8228A3D5DA005836B5 /* Frameworks */,
				9B24DC8328A3D5DA005836B5 /* Resources */,
			);
			buildRules = (
			);
			dependencies = (
			);
			name = DeliveryWidgetExtension;
			productName = DeliveryWidgetExtension;
			productReference = 9B24DC8528A3D5DA005836B5 /* DeliveryWidgetExtension.appex */;
			productType = "com.apple.product-type.app-extension";
		};
/* End PBXNativeTarget section */

/* Begin PBXProject section */
		9B24DC6828A3D595005836B5 /* Project object */ = {
			isa = PBXProject;
			attributes = {
				BuildIndependentTargetsInParallel = 1;
				LastSwiftUpdateCheck = 1400;
				LastUpgradeCheck = 1400;
				TargetAttributes = {
					9B24DC6F28A3D595005836B5 = {
						CreatedOnToolsVersion = 14.0;
					};
					9B24DC8428A3D5DA005836B5 = {
						CreatedOnToolsVersion = 14.0;
					};
				};
			};
			buildConfigurationList = 9B24DC6B28A3D595005836B5 /* Build configuration list for PBXProject "ExpressGroceries" */;
			compatibilityVersion = "Xcode 14.0";
			developmentRegion = en;
			hasScannedForEncodings = 0;
			knownRegions = (
				en,
				Base,
			);
			mainGroup = 9B24DC6728A3D595005836B5;
			productRefGroup = 9B24DC7128A3D595005836B5 /* Products */;
			projectDirPath = "";
			projectRoot = "";
			targets = (
				9B24DC6F28A3D595005836B5 /* ExpressGroceries */,
				9B24DC8428A3D5DA005836B5 /* DeliveryWidgetExtension */,
			);
		};
/* End PBXProject section */

/* Begin PBXResourcesBuildPhase section */
		9B24DC6E28A3D595005836B5 /* Resources */ = {
			isa = PBXResourcesBuildPhase;
			buildActionMask = 2147483647;
			files = (
				9B24DC7B28A3D596005836B5 /* Preview Assets.xcassets in Resources */,
				9B24DC7828A3D596005836B5 /* Assets.xcassets in Resources */,
			);
			runOnlyForDeploymentPostprocessing = 0;
		};
		9B24DC8328A3D5DA005836B5 /* Resources */ = {
			isa = PBXResourcesBuildPhase;
			buildActionMask = 2147483647;
			files = (
				9B24DC8F28A3D5DB005836B5 /* Assets.xcassets in Resources */,
			);
			runOnlyForDeploymentPostprocessing = 0;
		};
/* End PBXResourcesBuildPhase section */

/* Begin PBXSourcesBuildPhase section */
		9B24DC6C28A3D595005836B5 /* Sources */ = {
			isa = PBXSourcesBuildPhase;
			buildActionMask = 2147483647;
			files = (
				9B24DCA428A3D876005836B5 /* Font+Extensions.swift in Sources */,
				9B24DC7628A3D595005836B5 /* ContentView.swift in Sources */,
				9B24DC9D28A3D6CE005836B5 /* DeliveryStep.swift in Sources */,
				9B24DC9B28A3D697005836B5 /* DeliveryAttributes.swift in Sources */,
				9B4E289328A4215700B6AFED /* Color+Extensions.swift in Sources */,
				9B629B4128A3D9E900C4CF72 /* Line.swift in Sources */,
				9B24DC7428A3D595005836B5 /* ExpressGroceriesApp.swift in Sources */,
			);
			runOnlyForDeploymentPostprocessing = 0;
		};
		9B24DC8128A3D5DA005836B5 /* Sources */ = {
			isa = PBXSourcesBuildPhase;
			buildActionMask = 2147483647;
			files = (
				9B24DC8D28A3D5DA005836B5 /* DeliveryWidget.swift in Sources */,
				9B24DCA628A3D969005836B5 /* DeliveryStep.swift in Sources */,
				9B24DCA728A3D96D005836B5 /* Font+Extensions.swift in Sources */,
				9B629B4228A3DA2800C4CF72 /* Line.swift in Sources */,
				9B24DCA528A3D969005836B5 /* DeliveryAttributes.swift in Sources */,
				9B4E289428A4215700B6AFED /* Color+Extensions.swift in Sources */,
			);
			runOnlyForDeploymentPostprocessing = 0;
		};
/* End PBXSourcesBuildPhase section */

/* Begin PBXTargetDependency section */
		9B24DC9228A3D5DB005836B5 /* PBXTargetDependency */ = {
			isa = PBXTargetDependency;
			target = 9B24DC8428A3D5DA005836B5 /* DeliveryWidgetExtension */;
			targetProxy = 9B24DC9128A3D5DB005836B5 /* PBXContainerItemProxy */;
		};
/* End PBXTargetDependency section */

/* Begin XCBuildConfiguration section */
		9B24DC7C28A3D596005836B5 /* Debug */ = {
			isa = XCBuildConfiguration;
			buildSettings = {
				ALWAYS_SEARCH_USER_PATHS = NO;
				CLANG_ANALYZER_NONNULL = YES;
				CLANG_ANALYZER_NUMBER_OBJECT_CONVERSION = YES_AGGRESSIVE;
				CLANG_CXX_LANGUAGE_STANDARD = "gnu++20";
				CLANG_ENABLE_MODULES = YES;
				CLANG_ENABLE_OBJC_ARC = YES;
				CLANG_ENABLE_OBJC_WEAK = YES;
				CLANG_WARN_BLOCK_CAPTURE_AUTORELEASING = YES;
				CLANG_WARN_BOOL_CONVERSION = YES;
				CLANG_WARN_COMMA = YES;
				CLANG_WARN_CONSTANT_CONVERSION = YES;
				CLANG_WARN_DEPRECATED_OBJC_IMPLEMENTATIONS = YES;
				CLANG_WARN_DIRECT_OBJC_ISA_USAGE = YES_ERROR;
				CLANG_WARN_DOCUMENTATION_COMMENTS = YES;
				CLANG_WARN_EMPTY_BODY = YES;
				CLANG_WARN_ENUM_CONVERSION = YES;
				CLANG_WARN_INFINITE_RECURSION = YES;
				CLANG_WARN_INT_CONVERSION = YES;
				CLANG_WARN_NON_LITERAL_NULL_CONVERSION = YES;
				CLANG_WARN_OBJC_IMPLICIT_RETAIN_SELF = YES;
				CLANG_WARN_OBJC_LITERAL_CONVERSION = YES;
				CLANG_WARN_OBJC_ROOT_CLASS = YES_ERROR;
				CLANG_WARN_QUOTED_INCLUDE_IN_FRAMEWORK_HEADER = YES;
				CLANG_WARN_RANGE_LOOP_ANALYSIS = YES;
				CLANG_WARN_STRICT_PROTOTYPES = YES;
				CLANG_WARN_SUSPICIOUS_MOVE = YES;
				CLANG_WARN_UNGUARDED_AVAILABILITY = YES_AGGRESSIVE;
				CLANG_WARN_UNREACHABLE_CODE = YES;
				CLANG_WARN__DUPLICATE_METHOD_MATCH = YES;
				COPY_PHASE_STRIP = NO;
				DEBUG_INFORMATION_FORMAT = dwarf;
				ENABLE_STRICT_OBJC_MSGSEND = YES;
				ENABLE_TESTABILITY = YES;
				GCC_C_LANGUAGE_STANDARD = gnu11;
				GCC_DYNAMIC_NO_PIC = NO;
				GCC_NO_COMMON_BLOCKS = YES;
				GCC_OPTIMIZATION_LEVEL = 0;
				GCC_PREPROCESSOR_DEFINITIONS = (
					"DEBUG=1",
					"$(inherited)",
				);
				GCC_WARN_64_TO_32_BIT_CONVERSION = YES;
				GCC_WARN_ABOUT_RETURN_TYPE = YES_ERROR;
				GCC_WARN_UNDECLARED_SELECTOR = YES;
				GCC_WARN_UNINITIALIZED_AUTOS = YES_AGGRESSIVE;
				GCC_WARN_UNUSED_FUNCTION = YES;
				GCC_WARN_UNUSED_VARIABLE = YES;
				IPHONEOS_DEPLOYMENT_TARGET = 16.0;
				MTL_ENABLE_DEBUG_INFO = INCLUDE_SOURCE;
				MTL_FAST_MATH = YES;
				ONLY_ACTIVE_ARCH = YES;
				SDKROOT = iphoneos;
				SWIFT_ACTIVE_COMPILATION_CONDITIONS = DEBUG;
				SWIFT_OPTIMIZATION_LEVEL = "-Onone";
			};
			name = Debug;
		};
		9B24DC7D28A3D596005836B5 /* Release */ = {
			isa = XCBuildConfiguration;
			buildSettings = {
				ALWAYS_SEARCH_USER_PATHS = NO;
				CLANG_ANALYZER_NONNULL = YES;
				CLANG_ANALYZER_NUMBER_OBJECT_CONVERSION = YES_AGGRESSIVE;
				CLANG_CXX_LANGUAGE_STANDARD = "gnu++20";
				CLANG_ENABLE_MODULES = YES;
				CLANG_ENABLE_OBJC_ARC = YES;
				CLANG_ENABLE_OBJC_WEAK = YES;
				CLANG_WARN_BLOCK_CAPTURE_AUTORELEASING = YES;
				CLANG_WARN_BOOL_CONVERSION = YES;
				CLANG_WARN_COMMA = YES;
				CLANG_WARN_CONSTANT_CONVERSION = YES;
				CLANG_WARN_DEPRECATED_OBJC_IMPLEMENTATIONS = YES;
				CLANG_WARN_DIRECT_OBJC_ISA_USAGE = YES_ERROR;
				CLANG_WARN_DOCUMENTATION_COMMENTS = YES;
				CLANG_WARN_EMPTY_BODY = YES;
				CLANG_WARN_ENUM_CONVERSION = YES;
				CLANG_WARN_INFINITE_RECURSION = YES;
				CLANG_WARN_INT_CONVERSION = YES;
				CLANG_WARN_NON_LITERAL_NULL_CONVERSION = YES;
				CLANG_WARN_OBJC_IMPLICIT_RETAIN_SELF = YES;
				CLANG_WARN_OBJC_LITERAL_CONVERSION = YES;
				CLANG_WARN_OBJC_ROOT_CLASS = YES_ERROR;
				CLANG_WARN_QUOTED_INCLUDE_IN_FRAMEWORK_HEADER = YES;
				CLANG_WARN_RANGE_LOOP_ANALYSIS = YES;
				CLANG_WARN_STRICT_PROTOTYPES = YES;
				CLANG_WARN_SUSPICIOUS_MOVE = YES;
				CLANG_WARN_UNGUARDED_AVAILABILITY = YES_AGGRESSIVE;
				CLANG_WARN_UNREACHABLE_CODE = YES;
				CLANG_WARN__DUPLICATE_METHOD_MATCH = YES;
				COPY_PHASE_STRIP = NO;
				DEBUG_INFORMATION_FORMAT = "dwarf-with-dsym";
				ENABLE_NS_ASSERTIONS = NO;
				ENABLE_STRICT_OBJC_MSGSEND = YES;
				GCC_C_LANGUAGE_STANDARD = gnu11;
				GCC_NO_COMMON_BLOCKS = YES;
				GCC_WARN_64_TO_32_BIT_CONVERSION = YES;
				GCC_WARN_ABOUT_RETURN_TYPE = YES_ERROR;
				GCC_WARN_UNDECLARED_SELECTOR = YES;
				GCC_WARN_UNINITIALIZED_AUTOS = YES_AGGRESSIVE;
				GCC_WARN_UNUSED_FUNCTION = YES;
				GCC_WARN_UNUSED_VARIABLE = YES;
				IPHONEOS_DEPLOYMENT_TARGET = 16.0;
				MTL_ENABLE_DEBUG_INFO = NO;
				MTL_FAST_MATH = YES;
				SDKROOT = iphoneos;
				SWIFT_COMPILATION_MODE = wholemodule;
				SWIFT_OPTIMIZATION_LEVEL = "-O";
				VALIDATE_PRODUCT = YES;
			};
			name = Release;
		};
		9B24DC7F28A3D596005836B5 /* Debug */ = {
			isa = XCBuildConfiguration;
			buildSettings = {
				ALWAYS_EMBED_SWIFT_STANDARD_LIBRARIES = YES;
				ASSETCATALOG_COMPILER_APPICON_NAME = AppIcon;
				ASSETCATALOG_COMPILER_GLOBAL_ACCENT_COLOR_NAME = AccentColor;
				CODE_SIGN_STYLE = Automatic;
				CURRENT_PROJECT_VERSION = 1;
				DEVELOPMENT_ASSET_PATHS = "\"ExpressGroceries/Preview Content\"";
				DEVELOPMENT_TEAM = "";
				ENABLE_PREVIEWS = YES;
				GENERATE_INFOPLIST_FILE = YES;
				INFOPLIST_FILE = ExpressGroceries/Resources/Info.plist;
				INFOPLIST_KEY_CFBundleDisplayName = "Express Groceries";
				INFOPLIST_KEY_UIApplicationSceneManifest_Generation = YES;
				INFOPLIST_KEY_UIApplicationSupportsIndirectInputEvents = YES;
				INFOPLIST_KEY_UILaunchScreen_Generation = YES;
				INFOPLIST_KEY_UISupportedInterfaceOrientations_iPad = "UIInterfaceOrientationPortrait UIInterfaceOrientationPortraitUpsideDown UIInterfaceOrientationLandscapeLeft UIInterfaceOrientationLandscapeRight";
				INFOPLIST_KEY_UISupportedInterfaceOrientations_iPhone = "UIInterfaceOrientationPortrait UIInterfaceOrientationLandscapeLeft UIInterfaceOrientationLandscapeRight";
				LD_RUNPATH_SEARCH_PATHS = (
					"$(inherited)",
					"@executable_path/Frameworks",
				);
				MARKETING_VERSION = 1.0;
				PRODUCT_BUNDLE_IDENTIFIER = com.gaetanomatonti.ExpressGroceries;
				PRODUCT_NAME = "$(TARGET_NAME)";
				SWIFT_EMIT_LOC_STRINGS = YES;
				SWIFT_VERSION = 5.0;
				TARGETED_DEVICE_FAMILY = "1,2";
			};
			name = Debug;
		};
		9B24DC8028A3D596005836B5 /* Release */ = {
			isa = XCBuildConfiguration;
			buildSettings = {
				ALWAYS_EMBED_SWIFT_STANDARD_LIBRARIES = YES;
				ASSETCATALOG_COMPILER_APPICON_NAME = AppIcon;
				ASSETCATALOG_COMPILER_GLOBAL_ACCENT_COLOR_NAME = AccentColor;
				CODE_SIGN_STYLE = Automatic;
				CURRENT_PROJECT_VERSION = 1;
				DEVELOPMENT_ASSET_PATHS = "\"ExpressGroceries/Preview Content\"";
				DEVELOPMENT_TEAM = "";
				ENABLE_PREVIEWS = YES;
				GENERATE_INFOPLIST_FILE = YES;
				INFOPLIST_FILE = ExpressGroceries/Resources/Info.plist;
				INFOPLIST_KEY_CFBundleDisplayName = "Express Groceries";
				INFOPLIST_KEY_UIApplicationSceneManifest_Generation = YES;
				INFOPLIST_KEY_UIApplicationSupportsIndirectInputEvents = YES;
				INFOPLIST_KEY_UILaunchScreen_Generation = YES;
				INFOPLIST_KEY_UISupportedInterfaceOrientations_iPad = "UIInterfaceOrientationPortrait UIInterfaceOrientationPortraitUpsideDown UIInterfaceOrientationLandscapeLeft UIInterfaceOrientationLandscapeRight";
				INFOPLIST_KEY_UISupportedInterfaceOrientations_iPhone = "UIInterfaceOrientationPortrait UIInterfaceOrientationLandscapeLeft UIInterfaceOrientationLandscapeRight";
				LD_RUNPATH_SEARCH_PATHS = (
					"$(inherited)",
					"@executable_path/Frameworks",
				);
				MARKETING_VERSION = 1.0;
				PRODUCT_BUNDLE_IDENTIFIER = com.gaetanomatonti.ExpressGroceries;
				PRODUCT_NAME = "$(TARGET_NAME)";
				SWIFT_EMIT_LOC_STRINGS = YES;
				SWIFT_VERSION = 5.0;
				TARGETED_DEVICE_FAMILY = "1,2";
			};
			name = Release;
		};
		9B24DC9528A3D5DB005836B5 /* Debug */ = {
			isa = XCBuildConfiguration;
			buildSettings = {
				ASSETCATALOG_COMPILER_GLOBAL_ACCENT_COLOR_NAME = AccentColor;
				ASSETCATALOG_COMPILER_WIDGET_BACKGROUND_COLOR_NAME = WidgetBackground;
				CODE_SIGN_STYLE = Automatic;
				CURRENT_PROJECT_VERSION = 1;
				DEVELOPMENT_TEAM = "";
				GENERATE_INFOPLIST_FILE = YES;
				INFOPLIST_FILE = DeliveryWidget/Info.plist;
				INFOPLIST_KEY_CFBundleDisplayName = "Express Groceries Delivery";
				INFOPLIST_KEY_NSHumanReadableCopyright = "";
				LD_RUNPATH_SEARCH_PATHS = (
					"$(inherited)",
					"@executable_path/Frameworks",
					"@executable_path/../../Frameworks",
				);
				MARKETING_VERSION = 1.0;
				PRODUCT_BUNDLE_IDENTIFIER = com.gaetanomatonti.ExpressGroceries.DeliveryWidget;
				PRODUCT_NAME = "$(TARGET_NAME)";
				SKIP_INSTALL = YES;
				SWIFT_EMIT_LOC_STRINGS = YES;
				SWIFT_VERSION = 5.0;
				TARGETED_DEVICE_FAMILY = "1,2";
			};
			name = Debug;
		};
		9B24DC9628A3D5DB005836B5 /* Release */ = {
			isa = XCBuildConfiguration;
			buildSettings = {
				ASSETCATALOG_COMPILER_GLOBAL_ACCENT_COLOR_NAME = AccentColor;
				ASSETCATALOG_COMPILER_WIDGET_BACKGROUND_COLOR_NAME = WidgetBackground;
				CODE_SIGN_STYLE = Automatic;
				CURRENT_PROJECT_VERSION = 1;
				DEVELOPMENT_TEAM = "";
				GENERATE_INFOPLIST_FILE = YES;
				INFOPLIST_FILE = DeliveryWidget/Info.plist;
				INFOPLIST_KEY_CFBundleDisplayName = "Express Groceries Delivery";
				INFOPLIST_KEY_NSHumanReadableCopyright = "";
				LD_RUNPATH_SEARCH_PATHS = (
					"$(inherited)",
					"@executable_path/Frameworks",
					"@executable_path/../../Frameworks",
				);
				MARKETING_VERSION = 1.0;
				PRODUCT_BUNDLE_IDENTIFIER = com.gaetanomatonti.ExpressGroceries.DeliveryWidget;
				PRODUCT_NAME = "$(TARGET_NAME)";
				SKIP_INSTALL = YES;
				SWIFT_EMIT_LOC_STRINGS = YES;
				SWIFT_VERSION = 5.0;
				TARGETED_DEVICE_FAMILY = "1,2";
			};
			name = Release;
		};
/* End XCBuildConfiguration section */

/* Begin XCConfigurationList section */
		9B24DC6B28A3D595005836B5 /* Build configuration list for PBXProject "ExpressGroceries" */ = {
			isa = XCConfigurationList;
			buildConfigurations = (
				9B24DC7C28A3D596005836B5 /* Debug */,
				9B24DC7D28A3D596005836B5 /* Release */,
			);
			defaultConfigurationIsVisible = 0;
			defaultConfigurationName = Release;
		};
		9B24DC7E28A3D596005836B5 /* Build configuration list for PBXNativeTarget "ExpressGroceries" */ = {
			isa = XCConfigurationList;
			buildConfigurations = (
				9B24DC7F28A3D596005836B5 /* Debug */,
				9B24DC8028A3D596005836B5 /* Release */,
			);
			defaultConfigurationIsVisible = 0;
			defaultConfigurationName = Release;
		};
		9B24DC9428A3D5DB005836B5 /* Build configuration list for PBXNativeTarget "DeliveryWidgetExtension" */ = {
			isa = XCConfigurationList;
			buildConfigurations = (
				9B24DC9528A3D5DB005836B5 /* Debug */,
				9B24DC9628A3D5DB005836B5 /* Release */,
			);
			defaultConfigurationIsVisible = 0;
			defaultConfigurationName = Release;
		};
/* End XCConfigurationList section */
	};
	rootObject = 9B24DC6828A3D595005836B5 /* Project object */;
}
